
Microsoft Visual Studio Solution File, Format Version 12.00
# Visual Studio Version 17
VisualStudioVersion = 17.2.32526.322
MinimumVisualStudioVersion = 10.0.40219.1
Project("{FAE04EC0-301F-11D3-BF4B-00C04F79EFBC}") = "D02_1", "D02\D02_1.csproj", "{34D292E8-EE39-4FF8-B5D3-5B88C45F1BCE}"
EndProject
Project("{FAE04EC0-301F-11D3-BF4B-00C04F79EFBC}") = "D02_2", "D02-2\D02_2.csproj", "{9EBA5749-A2AD-440E-B933-A55AECFC2A7F}"
EndProject
Project("{FAE04EC0-301F-11D3-BF4B-00C04F79EFBC}") = "D02_3", "D02_3\D02_3.csproj", "{9F02B5F8-45D7-44C3-818B-D7BF2CE5D363}"
EndProject
Project("{FAE04EC0-301F-11D3-BF4B-00C04F79EFBC}") = "D02_Form", "D02_Form\D02_Form.csproj", "{9116E02B-7423-4A4A-A0B2-223CFBC2D258}"
EndProject
Project("{FAE04EC0-301F-11D3-BF4B-00C04F79EFBC}") = "D02_Form2", "D02_Form2\D02_Form2.csproj", "{84C9A204-1EA8-4CA7-9926-29A1FC807283}"
EndProject
Project("{FAE04EC0-301F-11D3-BF4B-00C04F79EFBC}") = "D02_Form3", "D02_Form3\D02_Form3.csproj", "{A4A7770B-42E9-45A7-B4B5-467B53BE1296}"
EndProject
Project("{2150E333-8FDC-42A3-9474-1A3956D46DE8}") = "D02", "D02", "{0F5D3B59-CD6A-42A4-B08A-1F8A66B60E16}"
EndProject
Project("{2150E333-8FDC-42A3-9474-1A3956D46DE8}") = "D03", "D03", "{0F9649CE-926E-43BD-8AA9-3E497C5472F8}"
EndProject
Project("{FAE04EC0-301F-11D3-BF4B-00C04F79EFBC}") = "D03_1", "D03_1\D03_1.csproj", "{9511AA6D-2F81-475B-931B-4F6B8B82744F}"
EndProject
Project("{FAE04EC0-301F-11D3-BF4B-00C04F79EFBC}") = "D03_practice", "D03_practice\D03_practice.csproj", "{58D9767F-1A71-4863-B807-43AB765FDD28}"
EndProject
Project("{FAE04EC0-301F-11D3-BF4B-00C04F79EFBC}") = "D03_forwhile", "D03_forwhile\D03_forwhile.csproj", "{96F587D9-CB22-47FA-91FE-7DB8886EC5AA}"
EndProject
Project("{FAE04EC0-301F-11D3-BF4B-00C04F79EFBC}") = "D03_p2", "D03_p2\D03_p2.csproj", "{DE7716FE-2940-44D3-8407-E5AF7BA0E4A4}"
EndProject
Project("{2150E333-8FDC-42A3-9474-1A3956D46DE8}") = "D09", "D09", "{5DB08480-A6A8-4C59-B5EC-E93456AFC4C2}"
EndProject
Project("{FAE04EC0-301F-11D3-BF4B-00C04F79EFBC}") = "d09", "d09\d09.csproj", "{153F5449-7DA1-43BA-94F0-136E28B4D479}"
EndProject
Project("{FAE04EC0-301F-11D3-BF4B-00C04F79EFBC}") = "d09_2", "ConsoleApp1\d09_2.csproj", "{6AC8C308-894D-4FD7-BF31-E6311FE2FFD3}"
EndProject
Project("{2150E333-8FDC-42A3-9474-1A3956D46DE8}") = "D10", "D10", "{F9A6B143-9587-4A58-9C33-235FCBFD01A0}"
EndProject
Project("{FAE04EC0-301F-11D3-BF4B-00C04F79EFBC}") = "d10", "d10\d10.csproj", "{F4DA3389-3A83-42B2-800C-BF2AB6080CBC}"
EndProject
Project("{FAE04EC0-301F-11D3-BF4B-00C04F79EFBC}") = "d10_form", "d10_form\d10_form.csproj", "{36086291-7290-4AE3-BCF1-62CC54125802}"
EndProject
Project("{FAE04EC0-301F-11D3-BF4B-00C04F79EFBC}") = "Lotto", "Lotto\Lotto.csproj", "{FF4D6F78-8414-4CB7-ADB6-B3B7F132775B}"
EndProject
Global
	GlobalSection(SolutionConfigurationPlatforms) = preSolution
		Debug|Any CPU = Debug|Any CPU
		Release|Any CPU = Release|Any CPU
	EndGlobalSection
	GlobalSection(ProjectConfigurationPlatforms) = postSolution
		{34D292E8-EE39-4FF8-B5D3-5B88C45F1BCE}.Debug|Any CPU.ActiveCfg = Debug|Any CPU
		{34D292E8-EE39-4FF8-B5D3-5B88C45F1BCE}.Debug|Any CPU.Build.0 = Debug|Any CPU
		{34D292E8-EE39-4FF8-B5D3-5B88C45F1BCE}.Release|Any CPU.ActiveCfg = Release|Any CPU
		{34D292E8-EE39-4FF8-B5D3-5B88C45F1BCE}.Release|Any CPU.Build.0 = Release|Any CPU
		{9EBA5749-A2AD-440E-B933-A55AECFC2A7F}.Debug|Any CPU.ActiveCfg = Debug|Any CPU
		{9EBA5749-A2AD-440E-B933-A55AECFC2A7F}.Debug|Any CPU.Build.0 = Debug|Any CPU
		{9EBA5749-A2AD-440E-B933-A55AECFC2A7F}.Release|Any CPU.ActiveCfg = Release|Any CPU
		{9EBA5749-A2AD-440E-B933-A55AECFC2A7F}.Release|Any CPU.Build.0 = Release|Any CPU
		{9F02B5F8-45D7-44C3-818B-D7BF2CE5D363}.Debug|Any CPU.ActiveCfg = Debug|Any CPU
		{9F02B5F8-45D7-44C3-818B-D7BF2CE5D363}.Debug|Any CPU.Build.0 = Debug|Any CPU
		{9F02B5F8-45D7-44C3-818B-D7BF2CE5D363}.Release|Any CPU.ActiveCfg = Release|Any CPU
		{9F02B5F8-45D7-44C3-818B-D7BF2CE5D363}.Release|Any CPU.Build.0 = Release|Any CPU
		{9116E02B-7423-4A4A-A0B2-223CFBC2D258}.Debug|Any CPU.ActiveCfg = Debug|Any CPU
		{9116E02B-7423-4A4A-A0B2-223CFBC2D258}.Debug|Any CPU.Build.0 = Debug|Any CPU
		{9116E02B-7423-4A4A-A0B2-223CFBC2D258}.Release|Any CPU.ActiveCfg = Release|Any CPU
		{9116E02B-7423-4A4A-A0B2-223CFBC2D258}.Release|Any CPU.Build.0 = Release|Any CPU
		{84C9A204-1EA8-4CA7-9926-29A1FC807283}.Debug|Any CPU.ActiveCfg = Debug|Any CPU
		{84C9A204-1EA8-4CA7-9926-29A1FC807283}.Debug|Any CPU.Build.0 = Debug|Any CPU
		{84C9A204-1EA8-4CA7-9926-29A1FC807283}.Release|Any CPU.ActiveCfg = Release|Any CPU
		{84C9A204-1EA8-4CA7-9926-29A1FC807283}.Release|Any CPU.Build.0 = Release|Any CPU
		{A4A7770B-42E9-45A7-B4B5-467B53BE1296}.Debug|Any CPU.ActiveCfg = Debug|Any CPU
		{A4A7770B-42E9-45A7-B4B5-467B53BE1296}.Debug|Any CPU.Build.0 = Debug|Any CPU
		{A4A7770B-42E9-45A7-B4B5-467B53BE1296}.Release|Any CPU.ActiveCfg = Release|Any CPU
		{A4A7770B-42E9-45A7-B4B5-467B53BE1296}.Release|Any CPU.Build.0 = Release|Any CPU
		{9511AA6D-2F81-475B-931B-4F6B8B82744F}.Debug|Any CPU.ActiveCfg = Debug|Any CPU
		{9511AA6D-2F81-475B-931B-4F6B8B82744F}.Debug|Any CPU.Build.0 = Debug|Any CPU
		{9511AA6D-2F81-475B-931B-4F6B8B82744F}.Release|Any CPU.ActiveCfg = Release|Any CPU
		{9511AA6D-2F81-475B-931B-4F6B8B82744F}.Release|Any CPU.Build.0 = Release|Any CPU
		{58D9767F-1A71-4863-B807-43AB765FDD28}.Debug|Any CPU.ActiveCfg = Debug|Any CPU
		{58D9767F-1A71-4863-B807-43AB765FDD28}.Debug|Any CPU.Build.0 = Debug|Any CPU
		{58D9767F-1A71-4863-B807-43AB765FDD28}.Release|Any CPU.ActiveCfg = Release|Any CPU
		{58D9767F-1A71-4863-B807-43AB765FDD28}.Release|Any CPU.Build.0 = Release|Any CPU
		{96F587D9-CB22-47FA-91FE-7DB8886EC5AA}.Debug|Any CPU.ActiveCfg = Debug|Any CPU
		{96F587D9-CB22-47FA-91FE-7DB8886EC5AA}.Debug|Any CPU.Build.0 = Debug|Any CPU
		{96F587D9-CB22-47FA-91FE-7DB8886EC5AA}.Release|Any CPU.ActiveCfg = Release|Any CPU
		{96F587D9-CB22-47FA-91FE-7DB8886EC5AA}.Release|Any CPU.Build.0 = Release|Any CPU
		{DE7716FE-2940-44D3-8407-E5AF7BA0E4A4}.Debug|Any CPU.ActiveCfg = Debug|Any CPU
		{DE7716FE-2940-44D3-8407-E5AF7BA0E4A4}.Debug|Any CPU.Build.0 = Debug|Any CPU
		{DE7716FE-2940-44D3-8407-E5AF7BA0E4A4}.Release|Any CPU.ActiveCfg = Release|Any CPU
		{DE7716FE-2940-44D3-8407-E5AF7BA0E4A4}.Release|Any CPU.Build.0 = Release|Any CPU
		{153F5449-7DA1-43BA-94F0-136E28B4D479}.Debug|Any CPU.ActiveCfg = Debug|Any CPU
		{153F5449-7DA1-43BA-94F0-136E28B4D479}.Debug|Any CPU.Build.0 = Debug|Any CPU
		{153F5449-7DA1-43BA-94F0-136E28B4D479}.Release|Any CPU.ActiveCfg = Release|Any CPU
		{153F5449-7DA1-43BA-94F0-136E28B4D479}.Release|Any CPU.Build.0 = Release|Any CPU
		{6AC8C308-894D-4FD7-BF31-E6311FE2FFD3}.Debug|Any CPU.ActiveCfg = Debug|Any CPU
		{6AC8C308-894D-4FD7-BF31-E6311FE2FFD3}.Debug|Any CPU.Build.0 = Debug|Any CPU
		{6AC8C308-894D-4FD7-BF31-E6311FE2FFD3}.Release|Any CPU.ActiveCfg = Release|Any CPU
		{6AC8C308-894D-4FD7-BF31-E6311FE2FFD3}.Release|Any CPU.Build.0 = Release|Any CPU
		{F4DA3389-3A83-42B2-800C-BF2AB6080CBC}.Debug|Any CPU.ActiveCfg = Debug|Any CPU
		{F4DA3389-3A83-42B2-800C-BF2AB6080CBC}.Debug|Any CPU.Build.0 = Debug|Any CPU
		{F4DA3389-3A83-42B2-800C-BF2AB6080CBC}.Release|Any CPU.ActiveCfg = Release|Any CPU
		{F4DA3389-3A83-42B2-800C-BF2AB6080CBC}.Release|Any CPU.Build.0 = Release|Any CPU
		{36086291-7290-4AE3-BCF1-62CC54125802}.Debug|Any CPU.ActiveCfg = Debug|Any CPU
		{36086291-7290-4AE3-BCF1-62CC54125802}.Debug|Any CPU.Build.0 = Debug|Any CPU
		{36086291-7290-4AE3-BCF1-62CC54125802}.Release|Any CPU.ActiveCfg = Release|Any CPU
		{36086291-7290-4AE3-BCF1-62CC54125802}.Release|Any CPU.Build.0 = Release|Any CPU
		{FF4D6F78-8414-4CB7-ADB6-B3B7F132775B}.Debug|Any CPU.ActiveCfg = Debug|Any CPU
		{FF4D6F78-8414-4CB7-ADB6-B3B7F132775B}.Debug|Any CPU.Build.0 = Debug|Any CPU
		{FF4D6F78-8414-4CB7-ADB6-B3B7F132775B}.Release|Any CPU.ActiveCfg = Release|Any CPU
		{FF4D6F78-8414-4CB7-ADB6-B3B7F132775B}.Release|Any CPU.Build.0 = Release|Any CPU
	EndGlobalSection
	GlobalSection(SolutionProperties) = preSolution
		HideSolutionNode = FALSE
	EndGlobalSection
	GlobalSection(NestedProjects) = preSolution
		{34D292E8-EE39-4FF8-B5D3-5B88C45F1BCE} = {0F5D3B59-CD6A-42A4-B08A-1F8A66B60E16}
		{9EBA5749-A2AD-440E-B933-A55AECFC2A7F} = {0F5D3B59-CD6A-42A4-B08A-1F8A66B60E16}
		{9F02B5F8-45D7-44C3-818B-D7BF2CE5D363} = {0F5D3B59-CD6A-42A4-B08A-1F8A66B60E16}
		{9116E02B-7423-4A4A-A0B2-223CFBC2D258} = {0F5D3B59-CD6A-42A4-B08A-1F8A66B60E16}
		{84C9A204-1EA8-4CA7-9926-29A1FC807283} = {0F5D3B59-CD6A-42A4-B08A-1F8A66B60E16}
		{A4A7770B-42E9-45A7-B4B5-467B53BE1296} = {0F5D3B59-CD6A-42A4-B08A-1F8A66B60E16}
		{9511AA6D-2F81-475B-931B-4F6B8B82744F} = {0F9649CE-926E-43BD-8AA9-3E497C5472F8}
		{58D9767F-1A71-4863-B807-43AB765FDD28} = {0F9649CE-926E-43BD-8AA9-3E497C5472F8}
		{96F587D9-CB22-47FA-91FE-7DB8886EC5AA} = {0F9649CE-926E-43BD-8AA9-3E497C5472F8}
		{DE7716FE-2940-44D3-8407-E5AF7BA0E4A4} = {0F9649CE-926E-43BD-8AA9-3E497C5472F8}
		{153F5449-7DA1-43BA-94F0-136E28B4D479} = {5DB08480-A6A8-4C59-B5EC-E93456AFC4C2}
		{6AC8C308-894D-4FD7-BF31-E6311FE2FFD3} = {5DB08480-A6A8-4C59-B5EC-E93456AFC4C2}
		{F4DA3389-3A83-42B2-800C-BF2AB6080CBC} = {F9A6B143-9587-4A58-9C33-235FCBFD01A0}
		{36086291-7290-4AE3-BCF1-62CC54125802} = {F9A6B143-9587-4A58-9C33-235FCBFD01A0}
	EndGlobalSection
	GlobalSection(ExtensibilityGlobals) = postSolution
		SolutionGuid = {6F618A74-676F-43AB-B71E-67D3C7D6DCBA}
	EndGlobalSection
EndGlobal
